// !$*UTF8*$!
{
	archiveVersion = 1;
	classes = {
	};
	objectVersion = 55;
	objects = {

/* Begin PBXBuildFile section */
		16EDEA3E28BBFEF40018476B /* AppDelegate.swift in Sources */ = {isa = PBXBuildFile; fileRef = 16EDEA3D28BBFEF40018476B /* AppDelegate.swift */; };
		16EDEA4028BBFEF40018476B /* SceneDelegate.swift in Sources */ = {isa = PBXBuildFile; fileRef = 16EDEA3F28BBFEF40018476B /* SceneDelegate.swift */; };
		16EDEA4728BBFEF40018476B /* Assets.xcassets in Resources */ = {isa = PBXBuildFile; fileRef = 16EDEA4628BBFEF40018476B /* Assets.xcassets */; };
		16EDEA5628BC02D20018476B /* SettingsViewController.swift in Sources */ = {isa = PBXBuildFile; fileRef = 16EDEA5528BC02D20018476B /* SettingsViewController.swift */; };
		16EDEA5C28BC057B0018476B /* SnapKit in Frameworks */ = {isa = PBXBuildFile; productRef = 16EDEA5B28BC057B0018476B /* SnapKit */; };
		16EDEA5E28BC076C0018476B /* SettingTableViewCell.swift in Sources */ = {isa = PBXBuildFile; fileRef = 16EDEA5D28BC076C0018476B /* SettingTableViewCell.swift */; };
		16EDEA6028BC079B0018476B /* Model.swift in Sources */ = {isa = PBXBuildFile; fileRef = 16EDEA5F28BC079B0018476B /* Model.swift */; };
		16EDEA6228BD0ABA0018476B /* SettingWithSwitchTableViewCell.swift in Sources */ = {isa = PBXBuildFile; fileRef = 16EDEA6128BD0ABA0018476B /* SettingWithSwitchTableViewCell.swift */; };
		16EDEA6428BD148A0018476B /* SettingWithDetailTableViewCell.swift in Sources */ = {isa = PBXBuildFile; fileRef = 16EDEA6328BD148A0018476B /* SettingWithDetailTableViewCell.swift */; };
		16EDEA6628BD49620018476B /* SettingWithNotificationTableViewCell.swift in Sources */ = {isa = PBXBuildFile; fileRef = 16EDEA6528BD49620018476B /* SettingWithNotificationTableViewCell.swift */; };
/* End PBXBuildFile section */

/* Begin PBXFileReference section */
		16EDEA3A28BBFEF40018476B /* SettingsApp.app */ = {isa = PBXFileReference; explicitFileType = wrapper.application; includeInIndex = 0; path = SettingsApp.app; sourceTree = BUILT_PRODUCTS_DIR; };
		16EDEA3D28BBFEF40018476B /* AppDelegate.swift */ = {isa = PBXFileReference; lastKnownFileType = sourcecode.swift; path = AppDelegate.swift; sourceTree = "<group>"; };
		16EDEA3F28BBFEF40018476B /* SceneDelegate.swift */ = {isa = PBXFileReference; lastKnownFileType = sourcecode.swift; path = SceneDelegate.swift; sourceTree = "<group>"; };
		16EDEA4628BBFEF40018476B /* Assets.xcassets */ = {isa = PBXFileReference; lastKnownFileType = folder.assetcatalog; path = Assets.xcassets; sourceTree = "<group>"; };
		16EDEA4B28BBFEF40018476B /* Info.plist */ = {isa = PBXFileReference; lastKnownFileType = text.plist.xml; path = Info.plist; sourceTree = "<group>"; };
		16EDEA5528BC02D20018476B /* SettingsViewController.swift */ = {isa = PBXFileReference; lastKnownFileType = sourcecode.swift; path = SettingsViewController.swift; sourceTree = "<group>"; };
		16EDEA5D28BC076C0018476B /* SettingTableViewCell.swift */ = {isa = PBXFileReference; lastKnownFileType = sourcecode.swift; path = SettingTableViewCell.swift; sourceTree = "<group>"; };
		16EDEA5F28BC079B0018476B /* Model.swift */ = {isa = PBXFileReference; lastKnownFileType = sourcecode.swift; path = Model.swift; sourceTree = "<group>"; };
		16EDEA6128BD0ABA0018476B /* SettingWithSwitchTableViewCell.swift */ = {isa = PBXFileReference; lastKnownFileType = sourcecode.swift; path = SettingWithSwitchTableViewCell.swift; sourceTree = "<group>"; };
		16EDEA6328BD148A0018476B /* SettingWithDetailTableViewCell.swift */ = {isa = PBXFileReference; lastKnownFileType = sourcecode.swift; path = SettingWithDetailTableViewCell.swift; sourceTree = "<group>"; };
		16EDEA6528BD49620018476B /* SettingWithNotificationTableViewCell.swift */ = {isa = PBXFileReference; lastKnownFileType = sourcecode.swift; path = SettingWithNotificationTableViewCell.swift; sourceTree = "<group>"; };
/* End PBXFileReference section */

/* Begin PBXFrameworksBuildPhase section */
		16EDEA3728BBFEF40018476B /* Frameworks */ = {
			isa = PBXFrameworksBuildPhase;
			buildActionMask = 2147483647;
			files = (
				16EDEA5C28BC057B0018476B /* SnapKit in Frameworks */,
			);
			runOnlyForDeploymentPostprocessing = 0;
		};
/* End PBXFrameworksBuildPhase section */

/* Begin PBXGroup section */
		16EDEA3128BBFEF40018476B = {
			isa = PBXGroup;
			children = (
				16EDEA3C28BBFEF40018476B /* SettingsApp */,
				16EDEA3B28BBFEF40018476B /* Products */,
			);
			sourceTree = "<group>";
		};
		16EDEA3B28BBFEF40018476B /* Products */ = {
			isa = PBXGroup;
			children = (
				16EDEA3A28BBFEF40018476B /* SettingsApp.app */,
			);
			name = Products;
			sourceTree = "<group>";
		};
		16EDEA3C28BBFEF40018476B /* SettingsApp */ = {
			isa = PBXGroup;
			children = (
				16EDEA5328BC00950018476B /* Resources */,
				16EDEA5428BC00AE0018476B /* Configuration */,
				16EDEA5228BC00780018476B /* Sources */,
			);
			path = SettingsApp;
			sourceTree = "<group>";
		};
		16EDEA5128BC00600018476B /* App */ = {
			isa = PBXGroup;
			children = (
				16EDEA3F28BBFEF40018476B /* SceneDelegate.swift */,
				16EDEA3D28BBFEF40018476B /* AppDelegate.swift */,
			);
			path = App;
			sourceTree = "<group>";
		};
		16EDEA5228BC00780018476B /* Sources */ = {
			isa = PBXGroup;
			children = (
				16EDEA5128BC00600018476B /* App */,
				16EDEA5F28BC079B0018476B /* Model.swift */,
				16EDEA5528BC02D20018476B /* SettingsViewController.swift */,
				16EDEA5D28BC076C0018476B /* SettingTableViewCell.swift */,
				16EDEA6128BD0ABA0018476B /* SettingWithSwitchTableViewCell.swift */,
				16EDEA6328BD148A0018476B /* SettingWithDetailTableViewCell.swift */,
				16EDEA6528BD49620018476B /* SettingWithNotificationTableViewCell.swift */,
			);
			path = Sources;
			sourceTree = "<group>";
		};
		16EDEA5328BC00950018476B /* Resources */ = {
			isa = PBXGroup;
			children = (
				16EDEA4628BBFEF40018476B /* Assets.xcassets */,
			);
			path = Resources;
			sourceTree = "<group>";
		};
		16EDEA5428BC00AE0018476B /* Configuration */ = {
			isa = PBXGroup;
			children = (
				16EDEA4B28BBFEF40018476B /* Info.plist */,
			);
			path = Configuration;
			sourceTree = "<group>";
		};
/* End PBXGroup section */

/* Begin PBXNativeTarget section */
		16EDEA3928BBFEF40018476B /* SettingsApp */ = {
			isa = PBXNativeTarget;
			buildConfigurationList = 16EDEA4E28BBFEF40018476B /* Build configuration list for PBXNativeTarget "SettingsApp" */;
			buildPhases = (
				16EDEA3628BBFEF40018476B /* Sources */,
				16EDEA3728BBFEF40018476B /* Frameworks */,
				16EDEA3828BBFEF40018476B /* Resources */,
			);
			buildRules = (
			);
			dependencies = (
			);
			name = SettingsApp;
			packageProductDependencies = (
				16EDEA5B28BC057B0018476B /* SnapKit */,
			);
			productName = SettingsApp;
			productReference = 16EDEA3A28BBFEF40018476B /* SettingsApp.app */;
			productType = "com.apple.product-type.application";
		};
/* End PBXNativeTarget section */

/* Begin PBXProject section */
		16EDEA3228BBFEF40018476B /* Project object */ = {
			isa = PBXProject;
			attributes = {
				BuildIndependentTargetsInParallel = 1;
				LastSwiftUpdateCheck = 1340;
				LastUpgradeCheck = 1340;
				TargetAttributes = {
					16EDEA3928BBFEF40018476B = {
						CreatedOnToolsVersion = 13.4.1;
					};
				};
			};
			buildConfigurationList = 16EDEA3528BBFEF40018476B /* Build configuration list for PBXProject "SettingsApp" */;
			compatibilityVersion = "Xcode 13.0";
			developmentRegion = en;
			hasScannedForEncodings = 0;
			knownRegions = (
				en,
				Base,
			);
			mainGroup = 16EDEA3128BBFEF40018476B;
			packageReferences = (
				16EDEA5A28BC057B0018476B /* XCRemoteSwiftPackageReference "SnapKit" */,
			);
			productRefGroup = 16EDEA3B28BBFEF40018476B /* Products */;
			projectDirPath = "";
			projectRoot = "";
			targets = (
				16EDEA3928BBFEF40018476B /* SettingsApp */,
			);
		};
/* End PBXProject section */

/* Begin PBXResourcesBuildPhase section */
		16EDEA3828BBFEF40018476B /* Resources */ = {
			isa = PBXResourcesBuildPhase;
			buildActionMask = 2147483647;
			files = (
				16EDEA4728BBFEF40018476B /* Assets.xcassets in Resources */,
			);
			runOnlyForDeploymentPostprocessing = 0;
		};
/* End PBXResourcesBuildPhase section */

/* Begin PBXSourcesBuildPhase section */
		16EDEA3628BBFEF40018476B /* Sources */ = {
			isa = PBXSourcesBuildPhase;
			buildActionMask = 2147483647;
			files = (
				16EDEA6028BC079B0018476B /* Model.swift in Sources */,
				16EDEA6628BD49620018476B /* SettingWithNotificationTableViewCell.swift in Sources */,
				16EDEA6428BD148A0018476B /* SettingWithDetailTableViewCell.swift in Sources */,
				16EDEA3E28BBFEF40018476B /* AppDelegate.swift in Sources */,
				16EDEA4028BBFEF40018476B /* SceneDelegate.swift in Sources */,
				16EDEA5E28BC076C0018476B /* SettingTableViewCell.swift in Sources */,
				16EDEA6228BD0ABA0018476B /* SettingWithSwitchTableViewCell.swift in Sources */,
				16EDEA5628BC02D20018476B /* SettingsViewController.swift in Sources */,
			);
			runOnlyForDeploymentPostprocessing = 0;
		};
/* End PBXSourcesBuildPhase section */

/* Begin XCBuildConfiguration section */
		16EDEA4C28BBFEF40018476B /* Debug */ = {
			isa = XCBuildConfiguration;
			buildSettings = {
				ALWAYS_SEARCH_USER_PATHS = NO;
				CLANG_ANALYZER_NONNULL = YES;
				CLANG_ANALYZER_NUMBER_OBJECT_CONVERSION = YES_AGGRESSIVE;
				CLANG_CXX_LANGUAGE_STANDARD = "gnu++17";
				CLANG_ENABLE_MODULES = YES;
				CLANG_ENABLE_OBJC_ARC = YES;
				CLANG_ENABLE_OBJC_WEAK = YES;
				CLANG_WARN_BLOCK_CAPTURE_AUTORELEASING = YES;
				CLANG_WARN_BOOL_CONVERSION = YES;
				CLANG_WARN_COMMA = YES;
				CLANG_WARN_CONSTANT_CONVERSION = YES;
				CLANG_WARN_DEPRECATED_OBJC_IMPLEMENTATIONS = YES;
				CLANG_WARN_DIRECT_OBJC_ISA_USAGE = YES_ERROR;
				CLANG_WARN_DOCUMENTATION_COMMENTS = YES;
				CLANG_WARN_EMPTY_BODY = YES;
				CLANG_WARN_ENUM_CONVERSION = YES;
				CLANG_WARN_INFINITE_RECURSION = YES;
				CLANG_WARN_INT_CONVERSION = YES;
				CLANG_WARN_NON_LITERAL_NULL_CONVERSION = YES;
				CLANG_WARN_OBJC_IMPLICIT_RETAIN_SELF = YES;
				CLANG_WARN_OBJC_LITERAL_CONVERSION = YES;
				CLANG_WARN_OBJC_ROOT_CLASS = YES_ERROR;
				CLANG_WARN_QUOTED_INCLUDE_IN_FRAMEWORK_HEADER = YES;
				CLANG_WARN_RANGE_LOOP_ANALYSIS = YES;
				CLANG_WARN_STRICT_PROTOTYPES = YES;
				CLANG_WARN_SUSPICIOUS_MOVE = YES;
				CLANG_WARN_UNGUARDED_AVAILABILITY = YES_AGGRESSIVE;
				CLANG_WARN_UNREACHABLE_CODE = YES;
				CLANG_WARN__DUPLICATE_METHOD_MATCH = YES;
				COPY_PHASE_STRIP = NO;
				DEBUG_INFORMATION_FORMAT = dwarf;
				ENABLE_STRICT_OBJC_MSGSEND = YES;
				ENABLE_TESTABILITY = YES;
				GCC_C_LANGUAGE_STANDARD = gnu11;
				GCC_DYNAMIC_NO_PIC = NO;
				GCC_NO_COMMON_BLOCKS = YES;
				GCC_OPTIMIZATION_LEVEL = 0;
				GCC_PREPROCESSOR_DEFINITIONS = (
					"DEBUG=1",
					"$(inherited)",
				);
				GCC_WARN_64_TO_32_BIT_CONVERSION = YES;
				GCC_WARN_ABOUT_RETURN_TYPE = YES_ERROR;
				GCC_WARN_UNDECLARED_SELECTOR = YES;
				GCC_WARN_UNINITIALIZED_AUTOS = YES_AGGRESSIVE;
				GCC_WARN_UNUSED_FUNCTION = YES;
				GCC_WARN_UNUSED_VARIABLE = YES;
				IPHONEOS_DEPLOYMENT_TARGET = 15.5;
				MTL_ENABLE_DEBUG_INFO = INCLUDE_SOURCE;
				MTL_FAST_MATH = YES;
				ONLY_ACTIVE_ARCH = YES;
				SDKROOT = iphoneos;
				SWIFT_ACTIVE_COMPILATION_CONDITIONS = DEBUG;
				SWIFT_OPTIMIZATION_LEVEL = "-Onone";
			};
			name = Debug;
		};
		16EDEA4D28BBFEF40018476B /* Release */ = {
			isa = XCBuildConfiguration;
			buildSettings = {
				ALWAYS_SEARCH_USER_PATHS = NO;
				CLANG_ANALYZER_NONNULL = YES;
				CLANG_ANALYZER_NUMBER_OBJECT_CONVERSION = YES_AGGRESSIVE;
				CLANG_CXX_LANGUAGE_STANDARD = "gnu++17";
				CLANG_ENABLE_MODULES = YES;
				CLANG_ENABLE_OBJC_ARC = YES;
				CLANG_ENABLE_OBJC_WEAK = YES;
				CLANG_WARN_BLOCK_CAPTURE_AUTORELEASING = YES;
				CLANG_WARN_BOOL_CONVERSION = YES;
				CLANG_WARN_COMMA = YES;
				CLANG_WARN_CONSTANT_CONVERSION = YES;
				CLANG_WARN_DEPRECATED_OBJC_IMPLEMENTATIONS = YES;
				CLANG_WARN_DIRECT_OBJC_ISA_USAGE = YES_ERROR;
				CLANG_WARN_DOCUMENTATION_COMMENTS = YES;
				CLANG_WARN_EMPTY_BODY = YES;
				CLANG_WARN_ENUM_CONVERSION = YES;
				CLANG_WARN_INFINITE_RECURSION = YES;
				CLANG_WARN_INT_CONVERSION = YES;
				CLANG_WARN_NON_LITERAL_NULL_CONVERSION = YES;
				CLANG_WARN_OBJC_IMPLICIT_RETAIN_SELF = YES;
				CLANG_WARN_OBJC_LITERAL_CONVERSION = YES;
				CLANG_WARN_OBJC_ROOT_CLASS = YES_ERROR;
				CLANG_WARN_QUOTED_INCLUDE_IN_FRAMEWORK_HEADER = YES;
				CLANG_WARN_RANGE_LOOP_ANALYSIS = YES;
				CLANG_WARN_STRICT_PROTOTYPES = YES;
				CLANG_WARN_SUSPICIOUS_MOVE = YES;
				CLANG_WARN_UNGUARDED_AVAILABILITY = YES_AGGRESSIVE;
				CLANG_WARN_UNREACHABLE_CODE = YES;
				CLANG_WARN__DUPLICATE_METHOD_MATCH = YES;
				COPY_PHASE_STRIP = NO;
				DEBUG_INFORMATION_FORMAT = "dwarf-with-dsym";
				ENABLE_NS_ASSERTIONS = NO;
				ENABLE_STRICT_OBJC_MSGSEND = YES;
				GCC_C_LANGUAGE_STANDARD = gnu11;
				GCC_NO_COMMON_BLOCKS = YES;
				GCC_WARN_64_TO_32_BIT_CONVERSION = YES;
				GCC_WARN_ABOUT_RETURN_TYPE = YES_ERROR;
				GCC_WARN_UNDECLARED_SELECTOR = YES;
				GCC_WARN_UNINITIALIZED_AUTOS = YES_AGGRESSIVE;
				GCC_WARN_UNUSED_FUNCTION = YES;
				GCC_WARN_UNUSED_VARIABLE = YES;
				IPHONEOS_DEPLOYMENT_TARGET = 15.5;
				MTL_ENABLE_DEBUG_INFO = NO;
				MTL_FAST_MATH = YES;
				SDKROOT = iphoneos;
				SWIFT_COMPILATION_MODE = wholemodule;
				SWIFT_OPTIMIZATION_LEVEL = "-O";
				VALIDATE_PRODUCT = YES;
			};
			name = Release;
		};
		16EDEA4F28BBFEF40018476B /* Debug */ = {
			isa = XCBuildConfiguration;
			buildSettings = {
				ASSETCATALOG_COMPILER_APPICON_NAME = AppIcon;
				ASSETCATALOG_COMPILER_GLOBAL_ACCENT_COLOR_NAME = AccentColor;
				CODE_SIGN_STYLE = Automatic;
				CURRENT_PROJECT_VERSION = 1;
				GENERATE_INFOPLIST_FILE = YES;
				INFOPLIST_FILE = SettingsApp/Configuration/Info.plist;
				INFOPLIST_KEY_UIApplicationSupportsIndirectInputEvents = YES;
				INFOPLIST_KEY_UILaunchStoryboardName = LaunchScreen;
				INFOPLIST_KEY_UISupportedInterfaceOrientations_iPad = "UIInterfaceOrientationPortrait UIInterfaceOrientationPortraitUpsideDown UIInterfaceOrientationLandscapeLeft UIInterfaceOrientationLandscapeRight";
				INFOPLIST_KEY_UISupportedInterfaceOrientations_iPhone = "UIInterfaceOrientationPortrait UIInterfaceOrientationLandscapeLeft UIInterfaceOrientationLandscapeRight";
				LD_RUNPATH_SEARCH_PATHS = (
					"$(inherited)",
					"@executable_path/Frameworks",
				);
				MARKETING_VERSION = 1.0;
				PRODUCT_BUNDLE_IDENTIFIER = my.SettingsApp;
				PRODUCT_NAME = "$(TARGET_NAME)";
				SWIFT_EMIT_LOC_STRINGS = YES;
				SWIFT_VERSION = 5.0;
				TARGETED_DEVICE_FAMILY = "1,2";
			};
			name = Debug;
		};
		16EDEA5028BBFEF40018476B /* Release */ = {
			isa = XCBuildConfiguration;
			buildSettings = {
				ASSETCATALOG_COMPILER_APPICON_NAME = AppIcon;
				ASSETCATALOG_COMPILER_GLOBAL_ACCENT_COLOR_NAME = AccentColor;
				CODE_SIGN_STYLE = Automatic;
				CURRENT_PROJECT_VERSION = 1;
				GENERATE_INFOPLIST_FILE = YES;
				INFOPLIST_FILE = SettingsApp/Configuration/Info.plist;
				INFOPLIST_KEY_UIApplicationSupportsIndirectInputEvents = YES;
				INFOPLIST_KEY_UILaunchStoryboardName = LaunchScreen;
				INFOPLIST_KEY_UISupportedInterfaceOrientations_iPad = "UIInterfaceOrientationPortrait UIInterfaceOrientationPortraitUpsideDown UIInterfaceOrientationLandscapeLeft UIInterfaceOrientationLandscapeRight";
				INFOPLIST_KEY_UISupportedInterfaceOrientations_iPhone = "UIInterfaceOrientationPortrait UIInterfaceOrientationLandscapeLeft UIInterfaceOrientationLandscapeRight";
				LD_RUNPATH_SEARCH_PATHS = (
					"$(inherited)",
					"@executable_path/Frameworks",
				);
				MARKETING_VERSION = 1.0;
				PRODUCT_BUNDLE_IDENTIFIER = my.SettingsApp;
				PRODUCT_NAME = "$(TARGET_NAME)";
				SWIFT_EMIT_LOC_STRINGS = YES;
				SWIFT_VERSION = 5.0;
				TARGETED_DEVICE_FAMILY = "1,2";
			};
			name = Release;
		};
/* End XCBuildConfiguration section */

/* Begin XCConfigurationList section */
		16EDEA3528BBFEF40018476B /* Build configuration list for PBXProject "SettingsApp" */ = {
			isa = XCConfigurationList;
			buildConfigurations = (
				16EDEA4C28BBFEF40018476B /* Debug */,
				16EDEA4D28BBFEF40018476B /* Release */,
			);
			defaultConfigurationIsVisible = 0;
			defaultConfigurationName = Release;
		};
		16EDEA4E28BBFEF40018476B /* Build configuration list for PBXNativeTarget "SettingsApp" */ = {
			isa = XCConfigurationList;
			buildConfigurations = (
				16EDEA4F28BBFEF40018476B /* Debug */,
				16EDEA5028BBFEF40018476B /* Release */,
			);
			defaultConfigurationIsVisible = 0;
			defaultConfigurationName = Release;
		};
/* End XCConfigurationList section */

/* Begin XCRemoteSwiftPackageReference section */
		16EDEA5A28BC057B0018476B /* XCRemoteSwiftPackageReference "SnapKit" */ = {
			isa = XCRemoteSwiftPackageReference;
			repositoryURL = "https://github.com/SnapKit/SnapKit.git";
			requirement = {
				branch = develop;
				kind = branch;
			};
		};
/* End XCRemoteSwiftPackageReference section */

/* Begin XCSwiftPackageProductDependency section */
		16EDEA5B28BC057B0018476B /* SnapKit */ = {
			isa = XCSwiftPackageProductDependency;
			package = 16EDEA5A28BC057B0018476B /* XCRemoteSwiftPackageReference "SnapKit" */;
			productName = SnapKit;
		};
/* End XCSwiftPackageProductDependency section */
	};
	rootObject = 16EDEA3228BBFEF40018476B /* Project object */;
}
